
Microsoft Visual Studio Solution File, Format Version 12.00
# Visual Studio 15
VisualStudioVersion = 15.0.27130.2027
MinimumVisualStudioVersion = 10.0.40219.1
Project("{FAE04EC0-301F-11D3-BF4B-00C04F79EFBC}") = "AzR.Mef.Web", "Presentations\AzR.Mef.Web\AzR.Mef.Web.csproj", "{67E3759D-B082-430B-80D5-651956B8D4AB}"
EndProject
Project("{2150E333-8FDC-42A3-9474-1A3956D46DE8}") = "Presentations", "Presentations", "{7E7BC2E4-310E-4691-86AD-DD629E7473BA}"
EndProject
Project("{2150E333-8FDC-42A3-9474-1A3956D46DE8}") = "Libraries", "Libraries", "{78879E0C-C5E7-4C18-89CD-6473E192CBC4}"
EndProject
Project("{2150E333-8FDC-42A3-9474-1A3956D46DE8}") = "Plugins", "Plugins", "{5E472881-42B4-40FF-A182-B89C60273E28}"
EndProject
Project("{FAE04EC0-301F-11D3-BF4B-00C04F79EFBC}") = "AzR.Utilities", "Libraries\AzR.Utilities\AzR.Utilities.csproj", "{7C23DCDC-75E1-4DF1-AAC9-7DEE7BDA973A}"
EndProject
Project("{FAE04EC0-301F-11D3-BF4B-00C04F79EFBC}") = "AzR.Core", "Libraries\AzR.Core\AzR.Core.csproj", "{64A24B8D-7549-4841-9C1B-56D9AACF7413}"
EndProject
Project("{FAE04EC0-301F-11D3-BF4B-00C04F79EFBC}") = "AzR.Web.Root", "Libraries\AzR.Web.Root\AzR.Web.Root.csproj", "{B465CCF4-A9FC-438D-A03B-E164DE2D896B}"
EndProject
Project("{FAE04EC0-301F-11D3-BF4B-00C04F79EFBC}") = "AzR.Plugin.HR.Web", "Plugins\AzR.Plugin.HR.Web\AzR.Plugin.HR.Web.csproj", "{2F23CCA9-1FF7-4362-9E6E-9128A85DF79D}"
EndProject
Global
	GlobalSection(SolutionConfigurationPlatforms) = preSolution
		Debug|Any CPU = Debug|Any CPU
		Release|Any CPU = Release|Any CPU
	EndGlobalSection
	GlobalSection(ProjectConfigurationPlatforms) = postSolution
		{67E3759D-B082-430B-80D5-651956B8D4AB}.Debug|Any CPU.ActiveCfg = Debug|Any CPU
		{67E3759D-B082-430B-80D5-651956B8D4AB}.Debug|Any CPU.Build.0 = Debug|Any CPU
		{67E3759D-B082-430B-80D5-651956B8D4AB}.Release|Any CPU.ActiveCfg = Release|Any CPU
		{67E3759D-B082-430B-80D5-651956B8D4AB}.Release|Any CPU.Build.0 = Release|Any CPU
		{7C23DCDC-75E1-4DF1-AAC9-7DEE7BDA973A}.Debug|Any CPU.ActiveCfg = Debug|Any CPU
		{7C23DCDC-75E1-4DF1-AAC9-7DEE7BDA973A}.Debug|Any CPU.Build.0 = Debug|Any CPU
		{7C23DCDC-75E1-4DF1-AAC9-7DEE7BDA973A}.Release|Any CPU.ActiveCfg = Release|Any CPU
		{7C23DCDC-75E1-4DF1-AAC9-7DEE7BDA973A}.Release|Any CPU.Build.0 = Release|Any CPU
		{64A24B8D-7549-4841-9C1B-56D9AACF7413}.Debug|Any CPU.ActiveCfg = Debug|Any CPU
		{64A24B8D-7549-4841-9C1B-56D9AACF7413}.Debug|Any CPU.Build.0 = Debug|Any CPU
		{64A24B8D-7549-4841-9C1B-56D9AACF7413}.Release|Any CPU.ActiveCfg = Release|Any CPU
		{64A24B8D-7549-4841-9C1B-56D9AACF7413}.Release|Any CPU.Build.0 = Release|Any CPU
		{B465CCF4-A9FC-438D-A03B-E164DE2D896B}.Debug|Any CPU.ActiveCfg = Debug|Any CPU
		{B465CCF4-A9FC-438D-A03B-E164DE2D896B}.Debug|Any CPU.Build.0 = Debug|Any CPU
		{B465CCF4-A9FC-438D-A03B-E164DE2D896B}.Release|Any CPU.ActiveCfg = Release|Any CPU
		{B465CCF4-A9FC-438D-A03B-E164DE2D896B}.Release|Any CPU.Build.0 = Release|Any CPU
		{2F23CCA9-1FF7-4362-9E6E-9128A85DF79D}.Debug|Any CPU.ActiveCfg = Debug|Any CPU
		{2F23CCA9-1FF7-4362-9E6E-9128A85DF79D}.Debug|Any CPU.Build.0 = Debug|Any CPU
		{2F23CCA9-1FF7-4362-9E6E-9128A85DF79D}.Release|Any CPU.ActiveCfg = Release|Any CPU
		{2F23CCA9-1FF7-4362-9E6E-9128A85DF79D}.Release|Any CPU.Build.0 = Release|Any CPU
	EndGlobalSection
	GlobalSection(SolutionProperties) = preSolution
		HideSolutionNode = FALSE
	EndGlobalSection
	GlobalSection(NestedProjects) = preSolution
		{67E3759D-B082-430B-80D5-651956B8D4AB} = {7E7BC2E4-310E-4691-86AD-DD629E7473BA}
		{7C23DCDC-75E1-4DF1-AAC9-7DEE7BDA973A} = {78879E0C-C5E7-4C18-89CD-6473E192CBC4}
		{64A24B8D-7549-4841-9C1B-56D9AACF7413} = {78879E0C-C5E7-4C18-89CD-6473E192CBC4}
		{B465CCF4-A9FC-438D-A03B-E164DE2D896B} = {78879E0C-C5E7-4C18-89CD-6473E192CBC4}
		{2F23CCA9-1FF7-4362-9E6E-9128A85DF79D} = {5E472881-42B4-40FF-A182-B89C60273E28}
	EndGlobalSection
	GlobalSection(ExtensibilityGlobals) = postSolution
		SolutionGuid = {34767E30-3B78-4B0F-9650-B36D2D92FD71}
	EndGlobalSection
EndGlobal
